
Microsoft Visual Studio Solution File, Format Version 12.00
# Visual Studio Version 17
VisualStudioVersion = 17.1.32328.378
MinimumVisualStudioVersion = 10.0.40219.1
Project("{FAE04EC0-301F-11D3-BF4B-00C04F79EFBC}") = "IntroToGitHubFE", "IntroToGitHubFE\IntroToGitHubFE.csproj", "{676C752C-FA91-4738-A01F-079D3B9D5C37}"
EndProject
Global
	GlobalSection(SolutionConfigurationPlatforms) = preSolution
		Debug|Any CPU = Debug|Any CPU
		Release|Any CPU = Release|Any CPU
	EndGlobalSection
	GlobalSection(ProjectConfigurationPlatforms) = postSolution
		{676C752C-FA91-4738-A01F-079D3B9D5C37}.Debug|Any CPU.ActiveCfg = Debug|Any CPU
		{676C752C-FA91-4738-A01F-079D3B9D5C37}.Debug|Any CPU.Build.0 = Debug|Any CPU
		{676C752C-FA91-4738-A01F-079D3B9D5C37}.Release|Any CPU.ActiveCfg = Release|Any CPU
		{676C752C-FA91-4738-A01F-079D3B9D5C37}.Release|Any CPU.Build.0 = Release|Any CPU
	EndGlobalSection
	GlobalSection(SolutionProperties) = preSolution
		HideSolutionNode = FALSE
	EndGlobalSection
	GlobalSection(ExtensibilityGlobals) = postSolution
		SolutionGuid = {792A61E8-FEB7-4C6E-8E33-0C303A52458D}
	EndGlobalSection
EndGlobal
